
Microsoft Visual Studio Solution File, Format Version 11.00
# Visual Studio 2010
Project("{FAE04EC0-301F-11D3-BF4B-00C04F79EFBC}") = "Assembly-CSharp", "Assembly-CSharp.csproj", "{B2328358-1BE9-7764-3749-7A2A02A614BD}"
EndProject
Project("{FAE04EC0-301F-11D3-BF4B-00C04F79EFBC}") = "Assembly-CSharp-Editor", "Assembly-CSharp-Editor.csproj", "{FCDE5E57-37F9-0A5E-0EA8-7870076680EA}"
EndProject
Global
	GlobalSection(SolutionConfigurationPlatforms) = preSolution
		Debug|Any CPU = Debug|Any CPU
		Release|Any CPU = Release|Any CPU
	EndGlobalSection
	GlobalSection(ProjectConfigurationPlatforms) = postSolution
		{B2328358-1BE9-7764-3749-7A2A02A614BD}.Debug|Any CPU.ActiveCfg = Debug|Any CPU
		{B2328358-1BE9-7764-3749-7A2A02A614BD}.Debug|Any CPU.Build.0 = Debug|Any CPU
		{B2328358-1BE9-7764-3749-7A2A02A614BD}.Release|Any CPU.ActiveCfg = Release|Any CPU
		{B2328358-1BE9-7764-3749-7A2A02A614BD}.Release|Any CPU.Build.0 = Release|Any CPU
		{FCDE5E57-37F9-0A5E-0EA8-7870076680EA}.Debug|Any CPU.ActiveCfg = Debug|Any CPU
		{FCDE5E57-37F9-0A5E-0EA8-7870076680EA}.Debug|Any CPU.Build.0 = Debug|Any CPU
		{FCDE5E57-37F9-0A5E-0EA8-7870076680EA}.Release|Any CPU.ActiveCfg = Release|Any CPU
		{FCDE5E57-37F9-0A5E-0EA8-7870076680EA}.Release|Any CPU.Build.0 = Release|Any CPU
	EndGlobalSection
	GlobalSection(SolutionProperties) = preSolution
		HideSolutionNode = FALSE
	EndGlobalSection
	GlobalSection(MonoDevelopProperties) = preSolution
		StartupItem = Assembly-CSharp.csproj
	EndGlobalSection
EndGlobal
